
Microsoft Visual Studio Solution File, Format Version 12.00
# Visual Studio 15
VisualStudioVersion = 15.0.27130.2026
MinimumVisualStudioVersion = 10.0.40219.1
Project("{FAE04EC0-301F-11D3-BF4B-00C04F79EFBC}") = "PS4_REGISTRY_EDITOR", "PS4_REGISTRY_EDITOR\PS4_REGISTRY_EDITOR.csproj", "{EFBB2019-A6B4-49D0-B345-C941E8AA3356}"
EndProject
Project("{FAE04EC0-301F-11D3-BF4B-00C04F79EFBC}") = "Ps4EditLib", "Ps4EditLib\Ps4EditLib.csproj", "{62B2AF24-4A81-4CC1-AC17-1931DA926BBB}"
EndProject
Global
	GlobalSection(SolutionConfigurationPlatforms) = preSolution
		Debug|Any CPU = Debug|Any CPU
		Release|Any CPU = Release|Any CPU
	EndGlobalSection
	GlobalSection(ProjectConfigurationPlatforms) = postSolution
		{EFBB2019-A6B4-49D0-B345-C941E8AA3356}.Debug|Any CPU.ActiveCfg = Debug|Any CPU
		{EFBB2019-A6B4-49D0-B345-C941E8AA3356}.Debug|Any CPU.Build.0 = Debug|Any CPU
		{EFBB2019-A6B4-49D0-B345-C941E8AA3356}.Release|Any CPU.ActiveCfg = Release|Any CPU
		{EFBB2019-A6B4-49D0-B345-C941E8AA3356}.Release|Any CPU.Build.0 = Release|Any CPU
		{62B2AF24-4A81-4CC1-AC17-1931DA926BBB}.Debug|Any CPU.ActiveCfg = Debug|Any CPU
		{62B2AF24-4A81-4CC1-AC17-1931DA926BBB}.Debug|Any CPU.Build.0 = Debug|Any CPU
		{62B2AF24-4A81-4CC1-AC17-1931DA926BBB}.Release|Any CPU.ActiveCfg = Release|Any CPU
		{62B2AF24-4A81-4CC1-AC17-1931DA926BBB}.Release|Any CPU.Build.0 = Release|Any CPU
	EndGlobalSection
	GlobalSection(SolutionProperties) = preSolution
		HideSolutionNode = FALSE
	EndGlobalSection
	GlobalSection(ExtensibilityGlobals) = postSolution
		SolutionGuid = {D2DD62E0-3A97-43E9-A9FB-B1B3CA93B2BD}
	EndGlobalSection
EndGlobal
